// !$*UTF8*$!
{
	archiveVersion = 1;
	classes = {
	};
	objectVersion = 77;
	objects = {

/* Begin PBXBuildFile section */
		0E39A868304C2E64002C7007 /* Lottie in Frameworks */ = {isa = PBXBuildFile; productRef = 0E39A867304C2E64002C7007 /* Lottie */; };
		0E39A86A304C2EEF002C7007 /* NoJobsAnimation.json in Resources */ = {isa = PBXBuildFile; fileRef = 0E39A869304C2EEF002C7007 /* NoJobsAnimation.json */; };
		0E39A86C304C486A002C7007 /* JobsSearchLoader.json in Resources */ = {isa = PBXBuildFile; fileRef = 0E39A86B304C486A002C7007 /* JobsSearchLoader.json */; };
		0E39A872304D656F002C7007 /* ResumeScanLoader.json in Resources */ = {isa = PBXBuildFile; fileRef = 0E39A871304D656F002C7007 /* ResumeScanLoader.json */; };
		0E39A876304D6D52002C7007 /* RecruiterEmailLoader.json in Resources */ = {isa = PBXBuildFile; fileRef = 0E39A875304D6D52002C7007 /* RecruiterEmailLoader.json */; };
		0E634912305D6040002AD19A /* OnboardingLoader.json in Resources */ = {isa = PBXBuildFile; fileRef = 0E634911305D6040002AD19A /* OnboardingLoader.json */; };
		0E7267D8302C479200240658 /* RevenueCat in Frameworks */ = {isa = PBXBuildFile; productRef = 0E7267D7302C479200240658 /* RevenueCat */; };
		0E7267DA302C479200240658 /* RevenueCatUI in Frameworks */ = {isa = PBXBuildFile; productRef = 0E7267D9302C479200240658 /* RevenueCatUI */; };
/* End PBXBuildFile section */

/* Begin PBXFileReference section */
		0E0B6DE6301DFCAC00C6ED50 /* RoleIQ.app */ = {isa = PBXFileReference; explicitFileType = wrapper.application; includeInIndex = 0; path = RoleIQ.app; sourceTree = BUILT_PRODUCTS_DIR; };
		0E39A869304C2EEF002C7007 /* NoJobsAnimation.json */ = {isa = PBXFileReference; lastKnownFileType = text.json; path = NoJobsAnimation.json; sourceTree = "<group>"; };
		0E39A86B304C486A002C7007 /* JobsSearchLoader.json */ = {isa = PBXFileReference; lastKnownFileType = text.json; path = JobsSearchLoader.json; sourceTree = "<group>"; };
		0E39A871304D656F002C7007 /* ResumeScanLoader.json */ = {isa = PBXFileReference; lastKnownFileType = text.json; path = ResumeScanLoader.json; sourceTree = "<group>"; };
		0E39A875304D6D52002C7007 /* RecruiterEmailLoader.json */ = {isa = PBXFileReference; lastKnownFileType = text.json; path = RecruiterEmailLoader.json; sourceTree = "<group>"; };
		0E634911305D6040002AD19A /* OnboardingLoader.json */ = {isa = PBXFileReference; lastKnownFileType = text.json; path = OnboardingLoader.json; sourceTree = "<group>"; };
/* End PBXFileReference section */

/* Begin PBXFileSystemSynchronizedRootGroup section */
		0E0B6DE8301DFCAC00C6ED50 /* RoleIQ */ = {
			isa = PBXFileSystemSynchronizedRootGroup;
			path = RoleIQ;
			sourceTree = "<group>";
		};
/* End PBXFileSystemSynchronizedRootGroup section */

/* Begin PBXFrameworksBuildPhase section */
		0E0B6DE3301DFCAC00C6ED50 /* Frameworks */ = {
			isa = PBXFrameworksBuildPhase;
			buildActionMask = 2147483647;
			files = (
				0E7267DA302C479200240658 /* RevenueCatUI in Frameworks */,
				0E7267D8302C479200240658 /* RevenueCat in Frameworks */,
				0E39A868304C2E64002C7007 /* Lottie in Frameworks */,
			);
			runOnlyForDeploymentPostprocessing = 0;
		};
/* End PBXFrameworksBuildPhase section */

/* Begin PBXGroup section */
		0E0B6DDD301DFCAC00C6ED50 = {
			isa = PBXGroup;
			children = (
				0E0B6DE8301DFCAC00C6ED50 /* RoleIQ */,
				0E0B6DE7301DFCAC00C6ED50 /* Products */,
				0E39A869304C2EEF002C7007 /* NoJobsAnimation.json */,
				0E39A86B304C486A002C7007 /* JobsSearchLoader.json */,
				0E39A871304D656F002C7007 /* ResumeScanLoader.json */,
				0E39A875304D6D52002C7007 /* RecruiterEmailLoader.json */,
				0E634911305D6040002AD19A /* OnboardingLoader.json */,
			);
			sourceTree = "<group>";
		};
		0E0B6DE7301DFCAC00C6ED50 /* Products */ = {
			isa = PBXGroup;
			children = (
				0E0B6DE6301DFCAC00C6ED50 /* RoleIQ.app */,
			);
			name = Products;
			sourceTree = "<group>";
		};
/* End PBXGroup section */

/* Begin PBXNativeTarget section */
		0E0B6DE5301DFCAC00C6ED50 /* RoleIQ */ = {
			isa = PBXNativeTarget;
			buildConfigurationList = 0E0B6DF1301DFCAF00C6ED50 /* Build configuration list for PBXNativeTarget "RoleIQ" */;
			buildPhases = (
				0E0B6DE2301DFCAC00C6ED50 /* Sources */,
				0E0B6DE3301DFCAC00C6ED50 /* Frameworks */,
				0E0B6DE4301DFCAC00C6ED50 /* Resources */,
			);
			buildRules = (
			);
			dependencies = (
			);
			fileSystemSynchronizedGroups = (
				0E0B6DE8301DFCAC00C6ED50 /* RoleIQ */,
			);
			name = RoleIQ;
			packageProductDependencies = (
				0E7267D7302C479200240658 /* RevenueCat */,
				0E7267D9302C479200240658 /* RevenueCatUI */,
				0E39A867304C2E64002C7007 /* Lottie */,
			);
			productName = RoleIQ;
			productReference = 0E0B6DE6301DFCAC00C6ED50 /* RoleIQ.app */;
			productType = "com.apple.product-type.application";
		};
/* End PBXNativeTarget section */

/* Begin PBXProject section */
		0E0B6DDE301DFCAC00C6ED50 /* Project object */ = {
			isa = PBXProject;
			attributes = {
				BuildIndependentTargetsInParallel = 1;
				LastSwiftUpdateCheck = 2630;
				LastUpgradeCheck = 2630;
				TargetAttributes = {
					0E0B6DE5301DFCAC00C6ED50 = {
						CreatedOnToolsVersion = 26.3;
					};
				};
			};
			buildConfigurationList = 0E0B6DE1301DFCAC00C6ED50 /* Build configuration list for PBXProject "RoleIQ" */;
			developmentRegion = en;
			hasScannedForEncodings = 0;
			knownRegions = (
				en,
				Base,
			);
			mainGroup = 0E0B6DDD301DFCAC00C6ED50;
			minimizedProjectReferenceProxies = 1;
			packageReferences = (
				0E7267D6302C479200240658 /* XCRemoteSwiftPackageReference "purchases-ios-spm" */,
				0E39A866304C2E64002C7007 /* XCRemoteSwiftPackageReference "lottie-ios" */,
			);
			preferredProjectObjectVersion = 77;
			productRefGroup = 0E0B6DE7301DFCAC00C6ED50 /* Products */;
			projectDirPath = "";
			projectRoot = "";
			targets = (
				0E0B6DE5301DFCAC00C6ED50 /* RoleIQ */,
			);
		};
/* End PBXProject section */

/* Begin PBXResourcesBuildPhase section */
		0E0B6DE4301DFCAC00C6ED50 /* Resources */ = {
			isa = PBXResourcesBuildPhase;
			buildActionMask = 2147483647;
			files = (
				0E39A86A304C2EEF002C7007 /* NoJobsAnimation.json in Resources */,
				0E39A872304D656F002C7007 /* ResumeScanLoader.json in Resources */,
				0E39A86C304C486A002C7007 /* JobsSearchLoader.json in Resources */,
				0E39A876304D6D52002C7007 /* RecruiterEmailLoader.json in Resources */,
				0E634912305D6040002AD19A /* OnboardingLoader.json in Resources */,
			);
			runOnlyForDeploymentPostprocessing = 0;
		};
/* End PBXResourcesBuildPhase section */

/* Begin PBXSourcesBuildPhase section */
		0E0B6DE2301DFCAC00C6ED50 /* Sources */ = {
			isa = PBXSourcesBuildPhase;
			buildActionMask = 2147483647;
			files = (
			);
			runOnlyForDeploymentPostprocessing = 0;
		};
/* End PBXSourcesBuildPhase section */

/* Begin XCBuildConfiguration section */
		0E0B6DEF301DFCAF00C6ED50 /* Debug */ = {
			isa = XCBuildConfiguration;
			buildSettings = {
				ALWAYS_SEARCH_USER_PATHS = NO;
				ASSETCATALOG_COMPILER_GENERATE_SWIFT_ASSET_SYMBOL_EXTENSIONS = YES;
				CLANG_ANALYZER_NONNULL = YES;
				CLANG_ANALYZER_NUMBER_OBJECT_CONVERSION = YES_AGGRESSIVE;
				CLANG_CXX_LANGUAGE_STANDARD = "gnu++20";
				CLANG_ENABLE_MODULES = YES;
				CLANG_ENABLE_OBJC_ARC = YES;
				CLANG_ENABLE_OBJC_WEAK = YES;
				CLANG_WARN_BLOCK_CAPTURE_AUTORELEASING = YES;
				CLANG_WARN_BOOL_CONVERSION = YES;
				CLANG_WARN_COMMA = YES;
				CLANG_WARN_CONSTANT_CONVERSION = YES;
				CLANG_WARN_DEPRECATED_OBJC_IMPLEMENTATIONS = YES;
				CLANG_WARN_DIRECT_OBJC_ISA_USAGE = YES_ERROR;
				CLANG_WARN_DOCUMENTATION_COMMENTS = YES;
				CLANG_WARN_EMPTY_BODY = YES;
				CLANG_WARN_ENUM_CONVERSION = YES;
				CLANG_WARN_INFINITE_RECURSION = YES;
				CLANG_WARN_INT_CONVERSION = YES;
				CLANG_WARN_NON_LITERAL_NULL_CONVERSION = YES;
				CLANG_WARN_OBJC_IMPLICIT_RETAIN_SELF = YES;
				CLANG_WARN_OBJC_LITERAL_CONVERSION = YES;
				CLANG_WARN_OBJC_ROOT_CLASS = YES_ERROR;
				CLANG_WARN_QUOTED_INCLUDE_IN_FRAMEWORK_HEADER = YES;
				CLANG_WARN_RANGE_LOOP_ANALYSIS = YES;
				CLANG_WARN_STRICT_PROTOTYPES = YES;
				CLANG_WARN_SUSPICIOUS_MOVE = YES;
				CLANG_WARN_UNGUARDED_AVAILABILITY = YES_AGGRESSIVE;
				CLANG_WARN_UNREACHABLE_CODE = YES;
				CLANG_WARN__DUPLICATE_METHOD_MATCH = YES;
				COPY_PHASE_STRIP = NO;
				DEBUG_INFORMATION_FORMAT = dwarf;
				DEVELOPMENT_TEAM = KP6H7NZARK;
				ENABLE_STRICT_OBJC_MSGSEND = YES;
				ENABLE_TESTABILITY = YES;
				ENABLE_USER_SCRIPT_SANDBOXING = YES;
				GCC_C_LANGUAGE_STANDARD = gnu17;
				GCC_DYNAMIC_NO_PIC = NO;
				GCC_NO_COMMON_BLOCKS = YES;
				GCC_OPTIMIZATION_LEVEL = 0;
				GCC_PREPROCESSOR_DEFINITIONS = (
					"DEBUG=1",
					"$(inherited)",
				);
				GCC_WARN_64_TO_32_BIT_CONVERSION = YES;
				GCC_WARN_ABOUT_RETURN_TYPE = YES_ERROR;
				GCC_WARN_UNDECLARED_SELECTOR = YES;
				GCC_WARN_UNINITIALIZED_AUTOS = YES_AGGRESSIVE;
				GCC_WARN_UNUSED_FUNCTION = YES;
				GCC_WARN_UNUSED_VARIABLE = YES;
				IPHONEOS_DEPLOYMENT_TARGET = 26.2;
				LOCALIZATION_PREFERS_STRING_CATALOGS = YES;
				MTL_ENABLE_DEBUG_INFO = INCLUDE_SOURCE;
				MTL_FAST_MATH = YES;
				ONLY_ACTIVE_ARCH = YES;
				SDKROOT = iphoneos;
				SWIFT_ACTIVE_COMPILATION_CONDITIONS = "DEBUG $(inherited)";
				SWIFT_OPTIMIZATION_LEVEL = "-Onone";
			};
			name = Debug;
		};
		0E0B6DF0301DFCAF00C6ED50 /* Release */ = {
			isa = XCBuildConfiguration;
			buildSettings = {
				ALWAYS_SEARCH_USER_PATHS = NO;
				ASSETCATALOG_COMPILER_GENERATE_SWIFT_ASSET_SYMBOL_EXTENSIONS = YES;
				CLANG_ANALYZER_NONNULL = YES;
				CLANG_ANALYZER_NUMBER_OBJECT_CONVERSION = YES_AGGRESSIVE;
				CLANG_CXX_LANGUAGE_STANDARD = "gnu++20";
				CLANG_ENABLE_MODULES = YES;
				CLANG_ENABLE_OBJC_ARC = YES;
				CLANG_ENABLE_OBJC_WEAK = YES;
				CLANG_WARN_BLOCK_CAPTURE_AUTORELEASING = YES;
				CLANG_WARN_BOOL_CONVERSION = YES;
				CLANG_WARN_COMMA = YES;
				CLANG_WARN_CONSTANT_CONVERSION = YES;
				CLANG_WARN_DEPRECATED_OBJC_IMPLEMENTATIONS = YES;
				CLANG_WARN_DIRECT_OBJC_ISA_USAGE = YES_ERROR;
				CLANG_WARN_DOCUMENTATION_COMMENTS = YES;
				CLANG_WARN_EMPTY_BODY = YES;
				CLANG_WARN_ENUM_CONVERSION = YES;
				CLANG_WARN_INFINITE_RECURSION = YES;
				CLANG_WARN_INT_CONVERSION = YES;
				CLANG_WARN_NON_LITERAL_NULL_CONVERSION = YES;
				CLANG_WARN_OBJC_IMPLICIT_RETAIN_SELF = YES;
				CLANG_WARN_OBJC_LITERAL_CONVERSION = YES;
				CLANG_WARN_OBJC_ROOT_CLASS = YES_ERROR;
				CLANG_WARN_QUOTED_INCLUDE_IN_FRAMEWORK_HEADER = YES;
				CLANG_WARN_RANGE_LOOP_ANALYSIS = YES;
				CLANG_WARN_STRICT_PROTOTYPES = YES;
				CLANG_WARN_SUSPICIOUS_MOVE = YES;
				CLANG_WARN_UNGUARDED_AVAILABILITY = YES_AGGRESSIVE;
				CLANG_WARN_UNREACHABLE_CODE = YES;
				CLANG_WARN__DUPLICATE_METHOD_MATCH = YES;
				COPY_PHASE_STRIP = NO;
				DEBUG_INFORMATION_FORMAT = "dwarf-with-dsym";
				DEVELOPMENT_TEAM = KP6H7NZARK;
				ENABLE_NS_ASSERTIONS = NO;
				ENABLE_STRICT_OBJC_MSGSEND = YES;
				ENABLE_USER_SCRIPT_SANDBOXING = YES;
				GCC_C_LANGUAGE_STANDARD = gnu17;
				GCC_NO_COMMON_BLOCKS = YES;
				GCC_WARN_64_TO_32_BIT_CONVERSION = YES;
				GCC_WARN_ABOUT_RETURN_TYPE = YES_ERROR;
				GCC_WARN_UNDECLARED_SELECTOR = YES;
				GCC_WARN_UNINITIALIZED_AUTOS = YES_AGGRESSIVE;
				GCC_WARN_UNUSED_FUNCTION = YES;
				GCC_WARN_UNUSED_VARIABLE = YES;
				IPHONEOS_DEPLOYMENT_TARGET = 26.2;
				LOCALIZATION_PREFERS_STRING_CATALOGS = YES;
				MTL_ENABLE_DEBUG_INFO = NO;
				MTL_FAST_MATH = YES;
				SDKROOT = iphoneos;
				SWIFT_COMPILATION_MODE = wholemodule;
				VALIDATE_PRODUCT = YES;
			};
			name = Release;
		};
		0E0B6DF2301DFCAF00C6ED50 /* Debug */ = {
			isa = XCBuildConfiguration;
			buildSettings = {
				ASSETCATALOG_COMPILER_APPICON_NAME = AppIcon;
				ASSETCATALOG_COMPILER_GLOBAL_ACCENT_COLOR_NAME = AccentColor;
				CODE_SIGN_ENTITLEMENTS = RoleIQ/RoleIQ.entitlements;
				CODE_SIGN_STYLE = Automatic;
				CURRENT_PROJECT_VERSION = 67;
				DEVELOPMENT_TEAM = Z2398J68F2;
				ENABLE_PREVIEWS = YES;
				GENERATE_INFOPLIST_FILE = YES;
				INFOPLIST_KEY_CFBundleDisplayName = RoleEase;
				INFOPLIST_KEY_NSCameraUsageDescription = "RoleIQ uses the camera to scan documents like your resume.";
				INFOPLIST_KEY_NSMicrophoneUsageDescription = "RoleIQ uses your microphone so you can answer mock interview questions out loud.";
				INFOPLIST_KEY_NSSpeechRecognitionUsageDescription = "RoleIQ transcribes your spoken interview answers to give you instant feedback.";
				INFOPLIST_KEY_UIApplicationSceneManifest_Generation = YES;
				INFOPLIST_KEY_UIApplicationSupportsIndirectInputEvents = YES;
				INFOPLIST_KEY_UILaunchScreen_Generation = YES;
				INFOPLIST_KEY_UISupportedInterfaceOrientations_iPad = "UIInterfaceOrientationPortrait UIInterfaceOrientationPortraitUpsideDown UIInterfaceOrientationLandscapeLeft UIInterfaceOrientationLandscapeRight";
				INFOPLIST_KEY_UISupportedInterfaceOrientations_iPhone = "UIInterfaceOrientationPortrait UIInterfaceOrientationLandscapeLeft UIInterfaceOrientationLandscapeRight";
				IPHONEOS_DEPLOYMENT_TARGET = 26.1;
				LD_RUNPATH_SEARCH_PATHS = (
					"$(inherited)",
					"@executable_path/Frameworks",
				);
				MARKETING_VERSION = 1.0;
				PRODUCT_BUNDLE_IDENTIFIER = Nikhil.RoleIQ;
				PRODUCT_NAME = "$(TARGET_NAME)";
				STRING_CATALOG_GENERATE_SYMBOLS = YES;
				SUPPORTED_PLATFORMS = "iphoneos iphonesimulator";
				SUPPORTS_MACCATALYST = NO;
				SUPPORTS_MAC_DESIGNED_FOR_IPHONE_IPAD = NO;
				SUPPORTS_XR_DESIGNED_FOR_IPHONE_IPAD = NO;
				SWIFT_APPROACHABLE_CONCURRENCY = YES;
				SWIFT_DEFAULT_ACTOR_ISOLATION = MainActor;
				SWIFT_EMIT_LOC_STRINGS = YES;
				SWIFT_UPCOMING_FEATURE_MEMBER_IMPORT_VISIBILITY = YES;
				SWIFT_VERSION = 5.0;
				TARGETED_DEVICE_FAMILY = 1;
			};
			name = Debug;
		};
		0E0B6DF3301DFCAF00C6ED50 /* Release */ = {
			isa = XCBuildConfiguration;
			buildSettings = {
				ASSETCATALOG_COMPILER_APPICON_NAME = AppIcon;
				ASSETCATALOG_COMPILER_GLOBAL_ACCENT_COLOR_NAME = AccentColor;
				CODE_SIGN_ENTITLEMENTS = RoleIQ/RoleIQ.entitlements;
				CODE_SIGN_STYLE = Automatic;
				CURRENT_PROJECT_VERSION = 67;
				DEVELOPMENT_TEAM = Z2398J68F2;
				ENABLE_PREVIEWS = YES;
				GENERATE_INFOPLIST_FILE = YES;
				INFOPLIST_KEY_CFBundleDisplayName = RoleEase;
				INFOPLIST_KEY_NSCameraUsageDescription = "RoleIQ uses the camera to scan documents like your resume.";
				INFOPLIST_KEY_NSMicrophoneUsageDescription = "RoleIQ uses your microphone so you can answer mock interview questions out loud.";
				INFOPLIST_KEY_NSSpeechRecognitionUsageDescription = "RoleIQ transcribes your spoken interview answers to give you instant feedback.";
				INFOPLIST_KEY_UIApplicationSceneManifest_Generation = YES;
				INFOPLIST_KEY_UIApplicationSupportsIndirectInputEvents = YES;
				INFOPLIST_KEY_UILaunchScreen_Generation = YES;
				INFOPLIST_KEY_UISupportedInterfaceOrientations_iPad = "UIInterfaceOrientationPortrait UIInterfaceOrientationPortraitUpsideDown UIInterfaceOrientationLandscapeLeft UIInterfaceOrientationLandscapeRight";
				INFOPLIST_KEY_UISupportedInterfaceOrientations_iPhone = "UIInterfaceOrientationPortrait UIInterfaceOrientationLandscapeLeft UIInterfaceOrientationLandscapeRight";
				IPHONEOS_DEPLOYMENT_TARGET = 26.1;
				LD_RUNPATH_SEARCH_PATHS = (
					"$(inherited)",
					"@executable_path/Frameworks",
				);
				MARKETING_VERSION = 1.0;
				PRODUCT_BUNDLE_IDENTIFIER = Nikhil.RoleIQ;
				PRODUCT_NAME = "$(TARGET_NAME)";
				STRING_CATALOG_GENERATE_SYMBOLS = YES;
				SUPPORTED_PLATFORMS = "iphoneos iphonesimulator";
				SUPPORTS_MACCATALYST = NO;
				SUPPORTS_MAC_DESIGNED_FOR_IPHONE_IPAD = NO;
				SUPPORTS_XR_DESIGNED_FOR_IPHONE_IPAD = NO;
				SWIFT_APPROACHABLE_CONCURRENCY = YES;
				SWIFT_DEFAULT_ACTOR_ISOLATION = MainActor;
				SWIFT_EMIT_LOC_STRINGS = YES;
				SWIFT_UPCOMING_FEATURE_MEMBER_IMPORT_VISIBILITY = YES;
				SWIFT_VERSION = 5.0;
				TARGETED_DEVICE_FAMILY = 1;
			};
			name = Release;
		};
/* End XCBuildConfiguration section */

/* Begin XCConfigurationList section */
		0E0B6DE1301DFCAC00C6ED50 /* Build configuration list for PBXProject "RoleIQ" */ = {
			isa = XCConfigurationList;
			buildConfigurations = (
				0E0B6DEF301DFCAF00C6ED50 /* Debug */,
				0E0B6DF0301DFCAF00C6ED50 /* Release */,
			);
			defaultConfigurationIsVisible = 0;
			defaultConfigurationName = Release;
		};
		0E0B6DF1301DFCAF00C6ED50 /* Build configuration list for PBXNativeTarget "RoleIQ" */ = {
			isa = XCConfigurationList;
			buildConfigurations = (
				0E0B6DF2301DFCAF00C6ED50 /* Debug */,
				0E0B6DF3301DFCAF00C6ED50 /* Release */,
			);
			defaultConfigurationIsVisible = 0;
			defaultConfigurationName = Release;
		};
/* End XCConfigurationList section */

/* Begin XCRemoteSwiftPackageReference section */
		0E39A866304C2E64002C7007 /* XCRemoteSwiftPackageReference "lottie-ios" */ = {
			isa = XCRemoteSwiftPackageReference;
			repositoryURL = "https://github.com/airbnb/lottie-ios.git";
			requirement = {
				kind = upToNextMajorVersion;
				minimumVersion = 4.6.1;
			};
		};
		0E7267D6302C479200240658 /* XCRemoteSwiftPackageReference "purchases-ios-spm" */ = {
			isa = XCRemoteSwiftPackageReference;
			repositoryURL = "https://github.com/RevenueCat/purchases-ios-spm.git";
			requirement = {
				kind = upToNextMajorVersion;
				minimumVersion = 5.83.1;
			};
		};
/* End XCRemoteSwiftPackageReference section */

/* Begin XCSwiftPackageProductDependency section */
		0E39A867304C2E64002C7007 /* Lottie */ = {
			isa = XCSwiftPackageProductDependency;
			package = 0E39A866304C2E64002C7007 /* XCRemoteSwiftPackageReference "lottie-ios" */;
			productName = Lottie;
		};
		0E7267D7302C479200240658 /* RevenueCat */ = {
			isa = XCSwiftPackageProductDependency;
			package = 0E7267D6302C479200240658 /* XCRemoteSwiftPackageReference "purchases-ios-spm" */;
			productName = RevenueCat;
		};
		0E7267D9302C479200240658 /* RevenueCatUI */ = {
			isa = XCSwiftPackageProductDependency;
			package = 0E7267D6302C479200240658 /* XCRemoteSwiftPackageReference "purchases-ios-spm" */;
			productName = RevenueCatUI;
		};
/* End XCSwiftPackageProductDependency section */
	};
	rootObject = 0E0B6DDE301DFCAC00C6ED50 /* Project object */;
}
